<?xml version="1.0" encoding="utf-8"?>
<Project ToolsVersion="4.0" xmlns="http://schemas.microsoft.com/developer/msbuild/2003">
  <ItemGroup>
    <Filter Include="源文件">
      <UniqueIdentifier>{4FC737F1-C7A5-4376-A066-2A32D752A2FF}</UniqueIdentifier>
      <Extensions>cpp;c;cc;cxx;def;odl;idl;hpj;bat;asm;asmx</Extensions>
    </Filter>
    <Filter Include="头文件">
      <UniqueIdentifier>{93995380-89BD-4b04-88EB-625FBE52EBFB}</UniqueIdentifier>
      <Extensions>h;hpp;hxx;hm;inl;inc;xsd</Extensions>
    </Filter>
    <Filter Include="资源文件">
      <UniqueIdentifier>{67DA6AB6-F800-4c08-8B7A-83BB121AAD01}</UniqueIdentifier>
      <Extensions>rc;ico;cur;bmp;dlg;rc2;rct;bin;rgs;gif;jpg;jpeg;jpe;resx;tiff;tif;png;wav;mfcribbon-ms</Extensions>
    </Filter>
    <Filter Include="other">
      <UniqueIdentifier>{dbd0ebe5-3bcc-4a37-bebb-6116a5c5a5ab}</UniqueIdentifier>
    </Filter>
  </ItemGroup>
  <ItemGroup>
    <Text Include="ReadMe.txt" />
  </ItemGroup>
  <ItemGroup>
    <ClCompile Include="StrategyLimitupFlucuate.cpp">
      <Filter>源文件</Filter>
    </ClCompile>
    <ClCompile Include="stdafx.cpp">
      <Filter>源文件</Filter>
    </ClCompile>
    <ClCompile Include="..\HSQuanTrade\StrategyBase.cpp">
      <Filter>源文件</Filter>
    </ClCompile>
    <ClCompile Include="..\HSQuanTrade\FunctionPub.cpp">
      <Filter>源文件</Filter>
    </ClCompile>
    <ClCompile Include="..\HSQuanTrade\tool.cpp">
      <Filter>源文件</Filter>
    </ClCompile>
    <ClCompile Include="StrategyLimitupFlucuateV1.cpp">
      <Filter>源文件</Filter>
    </ClCompile>
    <ClCompile Include="other\tinystr.cpp">
      <Filter>other</Filter>
    </ClCompile>
    <ClCompile Include="other\tinyxml.cpp">
      <Filter>other</Filter>
    </ClCompile>
    <ClCompile Include="other\tinyxmlerror.cpp">
      <Filter>other</Filter>
    </ClCompile>
    <ClCompile Include="other\tinyxmlparser.cpp">
      <Filter>other</Filter>
    </ClCompile>
    <ClCompile Include="..\HSQuanTrade\CinfoLogger.cpp">
      <Filter>源文件</Filter>
    </ClCompile>
    <ClCompile Include="..\HSQuanTrade\CKdata.cpp">
      <Filter>源文件</Filter>
    </ClCompile>
    <ClCompile Include="..\HSQuanTrade\TradeStatistic2.cpp">
      <Filter>源文件</Filter>
    </ClCompile>
    <ClCompile Include="..\HSQuanTrade\FundManager.cpp">
      <Filter>源文件</Filter>
    </ClCompile>
    <ClCompile Include="..\HSQuanTrade\EasyThread.cpp">
      <Filter>源文件</Filter>
    </ClCompile>
  </ItemGroup>
  <ItemGroup>
    <ClInclude Include="StrategyLimitupFlucuate.h">
      <Filter>头文件</Filter>
    </ClInclude>
    <ClInclude Include="stdafx.h">
      <Filter>头文件</Filter>
    </ClInclude>
    <ClInclude Include="targetver.h">
      <Filter>头文件</Filter>
    </ClInclude>
    <ClInclude Include="Resource.h">
      <Filter>头文件</Filter>
    </ClInclude>
    <ClInclude Include="..\HSQuanTrade\StrategyBase.h">
      <Filter>头文件</Filter>
    </ClInclude>
    <ClInclude Include="..\HSQuanTrade\FunctionPub.h">
      <Filter>头文件</Filter>
    </ClInclude>
    <ClInclude Include="..\HSQuanTrade\tool.h">
      <Filter>头文件</Filter>
    </ClInclude>
    <ClInclude Include="StrategyLimitupFlucuateV1.h">
      <Filter>头文件</Filter>
    </ClInclude>
    <ClInclude Include="..\HSQuanTrade\typedefine.h">
      <Filter>头文件</Filter>
    </ClInclude>
    <ClInclude Include="..\HSQuanTrade\CinfoLogger.h">
      <Filter>头文件</Filter>
    </ClInclude>
    <ClInclude Include="..\HSQuanTrade\CKdata.h">
      <Filter>头文件</Filter>
    </ClInclude>
    <ClInclude Include="..\HSQuanTrade\TradeStatistic2.h">
      <Filter>头文件</Filter>
    </ClInclude>
    <ClInclude Include="..\HSQuanTrade\FundManager.h">
      <Filter>头文件</Filter>
    </ClInclude>
    <ClInclude Include="..\HSQuanTrade\EasyThread.h">
      <Filter>头文件</Filter>
    </ClInclude>
  </ItemGroup>
  <ItemGroup>
    <None Include="StrategyLimitupFlucuate.def">
      <Filter>源文件</Filter>
    </None>
    <None Include="res\StrategyLimitupFlucuate.rc2">
      <Filter>资源文件</Filter>
    </None>
  </ItemGroup>
  <ItemGroup>
    <ResourceCompile Include="StrategyLimitupFlucuate.rc">
      <Filter>资源文件</Filter>
    </ResourceCompile>
  </ItemGroup>
</Project>