<?xml version="1.0" encoding="utf-8"?>
<Project ToolsVersion="4.0" xmlns="http://schemas.microsoft.com/developer/msbuild/2003">
  <ItemGroup>
    <Filter Include="源文件">
      <UniqueIdentifier>{4FC737F1-C7A5-4376-A066-2A32D752A2FF}</UniqueIdentifier>
      <Extensions>cpp;c;cc;cxx;def;odl;idl;hpj;bat;asm;asmx</Extensions>
    </Filter>
    <Filter Include="头文件">
      <UniqueIdentifier>{93995380-89BD-4b04-88EB-625FBE52EBFB}</UniqueIdentifier>
      <Extensions>h;hpp;hxx;hm;inl;inc;xsd</Extensions>
    </Filter>
    <Filter Include="资源文件">
      <UniqueIdentifier>{67DA6AB6-F800-4c08-8B7A-83BB121AAD01}</UniqueIdentifier>
      <Extensions>rc;ico;cur;bmp;dlg;rc2;rct;bin;rgs;gif;jpg;jpeg;jpe;resx;tiff;tif;png;wav;mfcribbon-ms</Extensions>
    </Filter>
    <Filter Include="Common">
      <UniqueIdentifier>{cec73ee4-1355-427a-829d-601ef9840c04}</UniqueIdentifier>
    </Filter>
    <Filter Include="Include">
      <UniqueIdentifier>{85185a78-d4c8-4213-9e43-4d088c3c7a64}</UniqueIdentifier>
    </Filter>
  </ItemGroup>
  <ItemGroup>
    <ClInclude Include="..\Include\HundsunFutuMdApi.h">
      <Filter>Include</Filter>
    </ClInclude>
    <ClInclude Include="..\Include\HundsunFutuUserApiStruct.h">
      <Filter>Include</Filter>
    </ClInclude>
    <ClInclude Include="..\Common\public.h">
      <Filter>Common</Filter>
    </ClInclude>
    <ClInclude Include="..\Common\t2_connection_impl.h">
      <Filter>Common</Filter>
    </ClInclude>
    <ClInclude Include="HundsunFutuAnalyStrFunction.h">
      <Filter>头文件</Filter>
    </ClInclude>
    <ClInclude Include="HundsunFutuMdApi_impl.h">
      <Filter>头文件</Filter>
    </ClInclude>
    <ClInclude Include="HundsunFutuMdApi_log.h">
      <Filter>头文件</Filter>
    </ClInclude>
  </ItemGroup>
  <ItemGroup>
    <ClCompile Include="..\Common\public.cpp">
      <Filter>Common</Filter>
    </ClCompile>
    <ClCompile Include="..\Common\t2_connection_impl.cpp">
      <Filter>Common</Filter>
    </ClCompile>
    <ClCompile Include="HundsunFutuMdApi_impl.cpp">
      <Filter>源文件</Filter>
    </ClCompile>
    <ClCompile Include="HundsunFutuMdApi_log.cpp">
      <Filter>源文件</Filter>
    </ClCompile>
  </ItemGroup>
</Project>